
Microsoft Visual Studio Solution File, Format Version 12.00
# Visual Studio Version 16
VisualStudioVersion = 16.0.30011.22
MinimumVisualStudioVersion = 10.0.40219.1
Project("{FAE04EC0-301F-11D3-BF4B-00C04F79EFBC}") = "AnemicDomainModel", "Entities\AnemicDomainModel\AnemicDomainModel.csproj", "{3C2734FD-F406-4F0F-8D79-40B2493C59D3}"
EndProject
Global
	GlobalSection(SolutionConfigurationPlatforms) = preSolution
		Debug|Any CPU = Debug|Any CPU
		Release|Any CPU = Release|Any CPU
	EndGlobalSection
	GlobalSection(ProjectConfigurationPlatforms) = postSolution
		{3C2734FD-F406-4F0F-8D79-40B2493C59D3}.Debug|Any CPU.ActiveCfg = Debug|Any CPU
		{3C2734FD-F406-4F0F-8D79-40B2493C59D3}.Debug|Any CPU.Build.0 = Debug|Any CPU
		{3C2734FD-F406-4F0F-8D79-40B2493C59D3}.Release|Any CPU.ActiveCfg = Release|Any CPU
		{3C2734FD-F406-4F0F-8D79-40B2493C59D3}.Release|Any CPU.Build.0 = Release|Any CPU
	EndGlobalSection
	GlobalSection(SolutionProperties) = preSolution
		HideSolutionNode = FALSE
	EndGlobalSection
	GlobalSection(ExtensibilityGlobals) = postSolution
		SolutionGuid = {CA4D6C7F-9B20-44E9-9C4C-491F63F3AFD7}
	EndGlobalSection
EndGlobal
